
Microsoft Visual Studio Solution File, Format Version 12.00
# Visual Studio Version 17
VisualStudioVersion = 17.6.33815.320
MinimumVisualStudioVersion = 10.0.40219.1
Project("{9A19103F-16F7-4668-BE54-9A1E7A4F7556}") = "CancerPlotWpf", "CancerPlotWpf\CancerPlotWpf.csproj", "{07810835-A093-4A70-B871-88275F1AC885}"
EndProject
Project("{FAE04EC0-301F-11D3-BF4B-00C04F79EFBC}") = "CancerPlot.Core", "CancerPlot.Core\CancerPlot.Core.csproj", "{544E5EB5-7638-4B6C-B887-2BB828B0CC77}"
EndProject
Project("{FAE04EC0-301F-11D3-BF4B-00C04F79EFBC}") = "CancerPlot.Repository", "CancerPlot.Repository\CancerPlot.Repository.csproj", "{2A683BD1-2ECD-4DE4-ADFD-CA50E74E2B36}"
EndProject
Global
	GlobalSection(SolutionConfigurationPlatforms) = preSolution
		Debug|Any CPU = Debug|Any CPU
		Release|Any CPU = Release|Any CPU
	EndGlobalSection
	GlobalSection(ProjectConfigurationPlatforms) = postSolution
		{07810835-A093-4A70-B871-88275F1AC885}.Debug|Any CPU.ActiveCfg = Debug|Any CPU
		{07810835-A093-4A70-B871-88275F1AC885}.Debug|Any CPU.Build.0 = Debug|Any CPU
		{07810835-A093-4A70-B871-88275F1AC885}.Release|Any CPU.ActiveCfg = Release|Any CPU
		{07810835-A093-4A70-B871-88275F1AC885}.Release|Any CPU.Build.0 = Release|Any CPU
		{544E5EB5-7638-4B6C-B887-2BB828B0CC77}.Debug|Any CPU.ActiveCfg = Debug|Any CPU
		{544E5EB5-7638-4B6C-B887-2BB828B0CC77}.Debug|Any CPU.Build.0 = Debug|Any CPU
		{544E5EB5-7638-4B6C-B887-2BB828B0CC77}.Release|Any CPU.ActiveCfg = Release|Any CPU
		{544E5EB5-7638-4B6C-B887-2BB828B0CC77}.Release|Any CPU.Build.0 = Release|Any CPU
		{2A683BD1-2ECD-4DE4-ADFD-CA50E74E2B36}.Debug|Any CPU.ActiveCfg = Debug|Any CPU
		{2A683BD1-2ECD-4DE4-ADFD-CA50E74E2B36}.Debug|Any CPU.Build.0 = Debug|Any CPU
		{2A683BD1-2ECD-4DE4-ADFD-CA50E74E2B36}.Release|Any CPU.ActiveCfg = Release|Any CPU
		{2A683BD1-2ECD-4DE4-ADFD-CA50E74E2B36}.Release|Any CPU.Build.0 = Release|Any CPU
	EndGlobalSection
	GlobalSection(SolutionProperties) = preSolution
		HideSolutionNode = FALSE
	EndGlobalSection
	GlobalSection(ExtensibilityGlobals) = postSolution
		SolutionGuid = {B6FA160B-EA1C-40C3-81F7-0C79EED46FC5}
	EndGlobalSection
EndGlobal
